
Microsoft Visual Studio Solution File, Format Version 11.00
# Visual Studio 2010
Project("{FAE04EC0-301F-11D3-BF4B-00C04F79EFBC}") = "JB.Tfs.Prototypes.TestResultCoverage", "JB.Tfs.Prototypes.TestResultCoverage\JB.Tfs.Prototypes.TestResultCoverage.csproj", "{73F9FE2A-52C9-47DC-9773-DB79F9DE1FCE}"
EndProject
Global
	GlobalSection(SolutionConfigurationPlatforms) = preSolution
		Debug|x86 = Debug|x86
		Release|x86 = Release|x86
	EndGlobalSection
	GlobalSection(ProjectConfigurationPlatforms) = postSolution
		{73F9FE2A-52C9-47DC-9773-DB79F9DE1FCE}.Debug|x86.ActiveCfg = Debug|x86
		{73F9FE2A-52C9-47DC-9773-DB79F9DE1FCE}.Debug|x86.Build.0 = Debug|x86
		{73F9FE2A-52C9-47DC-9773-DB79F9DE1FCE}.Release|x86.ActiveCfg = Release|x86
		{73F9FE2A-52C9-47DC-9773-DB79F9DE1FCE}.Release|x86.Build.0 = Release|x86
	EndGlobalSection
	GlobalSection(SolutionProperties) = preSolution
		HideSolutionNode = FALSE
	EndGlobalSection
EndGlobal
